# This file is automatically @generated by Cargo.
# It is not intended for manual editing.
version = 4

[[package]]
name = "meridian-cli"
version = "0.0.0"
dependencies = [
 "meridian-core",
]

[[package]]
name = "meridian-core"
version = "0.0.0"
dependencies = [
 "meridian-proto",
]

[[package]]
name = "meridian-proto"
version = "0.0.0"

[[package]]
name = "meridian-rendezvous"
version = "0.0.0"
dependencies = [
 "meridian-proto",
]

[[package]]
name = "xtask"
version = "0.0.0"
